%{
  "predicator": {:hex, :predicator, "9.0.1", "706da5560da92239c73808108c77a22432c8a03dfe3972e50b4f592a403e4331", [:mix], [], "hexpm", "fcc8701b7ec698035d0fc8bea153cd9b5d4aa913bee1012110eec658bcb4abe6"},
  "saxy": {:hex, :saxy, "1.6.1", "742eff28f553c066d0b54e84662dbf384a1d1f38595472ed15f6e0a33038bbe1", [:mix], [], "hexpm", "8989d504424ba29460a61950f8968380651413fa05e63b6118084db057da1a6b"},
  "statifier": {:hex, :statifier, "2.1.1", "b493e8a4bc67706fe4b32a723366221cd885fe783be47fccac5dc5111620d553", [:mix], [{:predicator, "~> 9.0", [hex: :predicator, repo: "hexpm", optional: false]}, {:saxy, "~> 1.6", [hex: :saxy, repo: "hexpm", optional: false]}, {:telemetry, "~> 1.3", [hex: :telemetry, repo: "hexpm", optional: false]}], "hexpm", "7976dc7c05d08a033f5aaf6e1885930e94b88246cc703678012c67e9221e6064"},
  "telemetry": {:hex, :telemetry, "1.4.2", "a0cb522801dffb1c49fe6e30561badffc7b6d0e180db1300df759faa22062855", [:rebar3], [], "hexpm", "928f6495066506077862c0d1646609eed891a4326bee3126ba54b60af61febb1"},
}
